
Microsoft Visual Studio Solution File, Format Version 12.00
# Visual Studio 15
VisualStudioVersion = 15.0.26430.13
MinimumVisualStudioVersion = 10.0.40219.1
Project("{FAE04EC0-301F-11D3-BF4B-00C04F79EFBC}") = "DroneLander.Android", "DroneLander\DroneLander.Android\DroneLander.Android.csproj", "{20D20ED5-F770-48DE-8D23-689FB9536C9B}"
EndProject
Project("{FAE04EC0-301F-11D3-BF4B-00C04F79EFBC}") = "DroneLander", "DroneLander\DroneLander\DroneLander.csproj", "{5AA5D1F8-5AAE-48E6-B6F6-90611269EE74}"
EndProject
Project("{FAE04EC0-301F-11D3-BF4B-00C04F79EFBC}") = "DroneLander.UWP", "DroneLander\DroneLander.UWP\DroneLander.UWP.csproj", "{B69E4483-549F-4E5F-9487-45BF81C64858}"
EndProject
Project("{FAE04EC0-301F-11D3-BF4B-00C04F79EFBC}") = "DroneLander.iOS", "DroneLander\DroneLander.iOS\DroneLander.iOS.csproj", "{3EF26E2B-71E9-4B91-8577-520341CC25C6}"
EndProject
Global
	GlobalSection(SolutionConfigurationPlatforms) = preSolution
		Ad-Hoc|Any CPU = Ad-Hoc|Any CPU
		Ad-Hoc|ARM = Ad-Hoc|ARM
		Ad-Hoc|iPhone = Ad-Hoc|iPhone
		Ad-Hoc|iPhoneSimulator = Ad-Hoc|iPhoneSimulator
		Ad-Hoc|x64 = Ad-Hoc|x64
		Ad-Hoc|x86 = Ad-Hoc|x86
		AppStore|Any CPU = AppStore|Any CPU
		AppStore|ARM = AppStore|ARM
		AppStore|iPhone = AppStore|iPhone
		AppStore|iPhoneSimulator = AppStore|iPhoneSimulator
		AppStore|x64 = AppStore|x64
		AppStore|x86 = AppStore|x86
		Debug|Any CPU = Debug|Any CPU
		Debug|ARM = Debug|ARM
		Debug|iPhone = Debug|iPhone
		Debug|iPhoneSimulator = Debug|iPhoneSimulator
		Debug|x64 = Debug|x64
		Debug|x86 = Debug|x86
		Release|Any CPU = Release|Any CPU
		Release|ARM = Release|ARM
		Release|iPhone = Release|iPhone
		Release|iPhoneSimulator = Release|iPhoneSimulator
		Release|x64 = Release|x64
		Release|x86 = Release|x86
	EndGlobalSection
	GlobalSection(ProjectConfigurationPlatforms) = postSolution
		{20D20ED5-F770-48DE-8D23-689FB9536C9B}.Ad-Hoc|Any CPU.ActiveCfg = Release|Any CPU
		{20D20ED5-F770-48DE-8D23-689FB9536C9B}.Ad-Hoc|Any CPU.Build.0 = Release|Any CPU
		{20D20ED5-F770-48DE-8D23-689FB9536C9B}.Ad-Hoc|Any CPU.Deploy.0 = Release|Any CPU
		{20D20ED5-F770-48DE-8D23-689FB9536C9B}.Ad-Hoc|ARM.ActiveCfg = Release|Any CPU
		{20D20ED5-F770-48DE-8D23-689FB9536C9B}.Ad-Hoc|ARM.Build.0 = Release|Any CPU
		{20D20ED5-F770-48DE-8D23-689FB9536C9B}.Ad-Hoc|ARM.Deploy.0 = Release|Any CPU
		{20D20ED5-F770-48DE-8D23-689FB9536C9B}.Ad-Hoc|iPhone.ActiveCfg = Release|Any CPU
		{20D20ED5-F770-48DE-8D23-689FB9536C9B}.Ad-Hoc|iPhone.Build.0 = Release|Any CPU
		{20D20ED5-F770-48DE-8D23-689FB9536C9B}.Ad-Hoc|iPhone.Deploy.0 = Release|Any CPU
		{20D20ED5-F770-48DE-8D23-689FB9536C9B}.Ad-Hoc|iPhoneSimulator.ActiveCfg = Release|Any CPU
		{20D20ED5-F770-48DE-8D23-689FB9536C9B}.Ad-Hoc|iPhoneSimulator.Build.0 = Release|Any CPU
		{20D20ED5-F770-48DE-8D23-689FB9536C9B}.Ad-Hoc|iPhoneSimulator.Deploy.0 = Release|Any CPU
		{20D20ED5-F770-48DE-8D23-689FB9536C9B}.Ad-Hoc|x64.ActiveCfg = Release|Any CPU
		{20D20ED5-F770-48DE-8D23-689FB9536C9B}.Ad-Hoc|x64.Build.0 = Release|Any CPU
		{20D20ED5-F770-48DE-8D23-689FB9536C9B}.Ad-Hoc|x64.Deploy.0 = Release|Any CPU
		{20D20ED5-F770-48DE-8D23-689FB9536C9B}.Ad-Hoc|x86.ActiveCfg = Release|Any CPU
		{20D20ED5-F770-48DE-8D23-689FB9536C9B}.Ad-Hoc|x86.Build.0 = Release|Any CPU
		{20D20ED5-F770-48DE-8D23-689FB9536C9B}.Ad-Hoc|x86.Deploy.0 = Release|Any CPU
		{20D20ED5-F770-48DE-8D23-689FB9536C9B}.AppStore|Any CPU.ActiveCfg = Release|Any CPU
		{20D20ED5-F770-48DE-8D23-689FB9536C9B}.AppStore|Any CPU.Build.0 = Release|Any CPU
		{20D20ED5-F770-48DE-8D23-689FB9536C9B}.AppStore|Any CPU.Deploy.0 = Release|Any CPU
		{20D20ED5-F770-48DE-8D23-689FB9536C9B}.AppStore|ARM.ActiveCfg = Release|Any CPU
		{20D20ED5-F770-48DE-8D23-689FB9536C9B}.AppStore|ARM.Build.0 = Release|Any CPU
		{20D20ED5-F770-48DE-8D23-689FB9536C9B}.AppStore|ARM.Deploy.0 = Release|Any CPU
		{20D20ED5-F770-48DE-8D23-689FB9536C9B}.AppStore|iPhone.ActiveCfg = Release|Any CPU
		{20D20ED5-F770-48DE-8D23-689FB9536C9B}.AppStore|iPhone.Build.0 = Release|Any CPU
		{20D20ED5-F770-48DE-8D23-689FB9536C9B}.AppStore|iPhone.Deploy.0 = Release|Any CPU
		{20D20ED5-F770-48DE-8D23-689FB9536C9B}.AppStore|iPhoneSimulator.ActiveCfg = Release|Any CPU
		{20D20ED5-F770-48DE-8D23-689FB9536C9B}.AppStore|iPhoneSimulator.Build.0 = Release|Any CPU
		{20D20ED5-F770-48DE-8D23-689FB9536C9B}.AppStore|iPhoneSimulator.Deploy.0 = Release|Any CPU
		{20D20ED5-F770-48DE-8D23-689FB9536C9B}.AppStore|x64.ActiveCfg = Release|Any CPU
		{20D20ED5-F770-48DE-8D23-689FB9536C9B}.AppStore|x64.Build.0 = Release|Any CPU
		{20D20ED5-F770-48DE-8D23-689FB9536C9B}.AppStore|x64.Deploy.0 = Release|Any CPU
		{20D20ED5-F770-48DE-8D23-689FB9536C9B}.AppStore|x86.ActiveCfg = Release|Any CPU
		{20D20ED5-F770-48DE-8D23-689FB9536C9B}.AppStore|x86.Build.0 = Release|Any CPU
		{20D20ED5-F770-48DE-8D23-689FB9536C9B}.AppStore|x86.Deploy.0 = Release|Any CPU
		{20D20ED5-F770-48DE-8D23-689FB9536C9B}.Debug|Any CPU.ActiveCfg = Debug|Any CPU
		{20D20ED5-F770-48DE-8D23-689FB9536C9B}.Debug|Any CPU.Build.0 = Debug|Any CPU
		{20D20ED5-F770-48DE-8D23-689FB9536C9B}.Debug|Any CPU.Deploy.0 = Debug|Any CPU
		{20D20ED5-F770-48DE-8D23-689FB9536C9B}.Debug|ARM.ActiveCfg = Debug|Any CPU
		{20D20ED5-F770-48DE-8D23-689FB9536C9B}.Debug|ARM.Build.0 = Debug|Any CPU
		{20D20ED5-F770-48DE-8D23-689FB9536C9B}.Debug|ARM.Deploy.0 = Debug|Any CPU
		{20D20ED5-F770-48DE-8D23-689FB9536C9B}.Debug|iPhone.ActiveCfg = Debug|Any CPU
		{20D20ED5-F770-48DE-8D23-689FB9536C9B}.Debug|iPhone.Build.0 = Debug|Any CPU
		{20D20ED5-F770-48DE-8D23-689FB9536C9B}.Debug|iPhone.Deploy.0 = Debug|Any CPU
		{20D20ED5-F770-48DE-8D23-689FB9536C9B}.Debug|iPhoneSimulator.ActiveCfg = Debug|Any CPU
		{20D20ED5-F770-48DE-8D23-689FB9536C9B}.Debug|iPhoneSimulator.Build.0 = Debug|Any CPU
		{20D20ED5-F770-48DE-8D23-689FB9536C9B}.Debug|iPhoneSimulator.Deploy.0 = Debug|Any CPU
		{20D20ED5-F770-48DE-8D23-689FB9536C9B}.Debug|x64.ActiveCfg = Debug|Any CPU
		{20D20ED5-F770-48DE-8D23-689FB9536C9B}.Debug|x64.Build.0 = Debug|Any CPU
		{20D20ED5-F770-48DE-8D23-689FB9536C9B}.Debug|x64.Deploy.0 = Debug|Any CPU
		{20D20ED5-F770-48DE-8D23-689FB9536C9B}.Debug|x86.ActiveCfg = Debug|Any CPU
		{20D20ED5-F770-48DE-8D23-689FB9536C9B}.Debug|x86.Build.0 = Debug|Any CPU
		{20D20ED5-F770-48DE-8D23-689FB9536C9B}.Debug|x86.Deploy.0 = Debug|Any CPU
		{20D20ED5-F770-48DE-8D23-689FB9536C9B}.Release|Any CPU.ActiveCfg = Release|Any CPU
		{20D20ED5-F770-48DE-8D23-689FB9536C9B}.Release|Any CPU.Build.0 = Release|Any CPU
		{20D20ED5-F770-48DE-8D23-689FB9536C9B}.Release|Any CPU.Deploy.0 = Release|Any CPU
		{20D20ED5-F770-48DE-8D23-689FB9536C9B}.Release|ARM.ActiveCfg = Release|Any CPU
		{20D20ED5-F770-48DE-8D23-689FB9536C9B}.Release|ARM.Build.0 = Release|Any CPU
		{20D20ED5-F770-48DE-8D23-689FB9536C9B}.Release|ARM.Deploy.0 = Release|Any CPU
		{20D20ED5-F770-48DE-8D23-689FB9536C9B}.Release|iPhone.ActiveCfg = Release|Any CPU
		{20D20ED5-F770-48DE-8D23-689FB9536C9B}.Release|iPhone.Build.0 = Release|Any CPU
		{20D20ED5-F770-48DE-8D23-689FB9536C9B}.Release|iPhone.Deploy.0 = Release|Any CPU
		{20D20ED5-F770-48DE-8D23-689FB9536C9B}.Release|iPhoneSimulator.ActiveCfg = Release|Any CPU
		{20D20ED5-F770-48DE-8D23-689FB9536C9B}.Release|iPhoneSimulator.Build.0 = Release|Any CPU
		{20D20ED5-F770-48DE-8D23-689FB9536C9B}.Release|iPhoneSimulator.Deploy.0 = Release|Any CPU
		{20D20ED5-F770-48DE-8D23-689FB9536C9B}.Release|x64.ActiveCfg = Release|Any CPU
		{20D20ED5-F770-48DE-8D23-689FB9536C9B}.Release|x64.Build.0 = Release|Any CPU
		{20D20ED5-F770-48DE-8D23-689FB9536C9B}.Release|x64.Deploy.0 = Release|Any CPU
		{20D20ED5-F770-48DE-8D23-689FB9536C9B}.Release|x86.ActiveCfg = Release|Any CPU
		{20D20ED5-F770-48DE-8D23-689FB9536C9B}.Release|x86.Build.0 = Release|Any CPU
		{20D20ED5-F770-48DE-8D23-689FB9536C9B}.Release|x86.Deploy.0 = Release|Any CPU
		{5AA5D1F8-5AAE-48E6-B6F6-90611269EE74}.Ad-Hoc|Any CPU.ActiveCfg = Release|Any CPU
		{5AA5D1F8-5AAE-48E6-B6F6-90611269EE74}.Ad-Hoc|Any CPU.Build.0 = Release|Any CPU
		{5AA5D1F8-5AAE-48E6-B6F6-90611269EE74}.Ad-Hoc|ARM.ActiveCfg = Release|Any CPU
		{5AA5D1F8-5AAE-48E6-B6F6-90611269EE74}.Ad-Hoc|ARM.Build.0 = Release|Any CPU
		{5AA5D1F8-5AAE-48E6-B6F6-90611269EE74}.Ad-Hoc|iPhone.ActiveCfg = Release|Any CPU
		{5AA5D1F8-5AAE-48E6-B6F6-90611269EE74}.Ad-Hoc|iPhone.Build.0 = Release|Any CPU
		{5AA5D1F8-5AAE-48E6-B6F6-90611269EE74}.Ad-Hoc|iPhoneSimulator.ActiveCfg = Release|Any CPU
		{5AA5D1F8-5AAE-48E6-B6F6-90611269EE74}.Ad-Hoc|iPhoneSimulator.Build.0 = Release|Any CPU
		{5AA5D1F8-5AAE-48E6-B6F6-90611269EE74}.Ad-Hoc|x64.ActiveCfg = Release|Any CPU
		{5AA5D1F8-5AAE-48E6-B6F6-90611269EE74}.Ad-Hoc|x64.Build.0 = Release|Any CPU
		{5AA5D1F8-5AAE-48E6-B6F6-90611269EE74}.Ad-Hoc|x86.ActiveCfg = Release|Any CPU
		{5AA5D1F8-5AAE-48E6-B6F6-90611269EE74}.Ad-Hoc|x86.Build.0 = Release|Any CPU
		{5AA5D1F8-5AAE-48E6-B6F6-90611269EE74}.AppStore|Any CPU.ActiveCfg = Release|Any CPU
		{5AA5D1F8-5AAE-48E6-B6F6-90611269EE74}.AppStore|Any CPU.Build.0 = Release|Any CPU
		{5AA5D1F8-5AAE-48E6-B6F6-90611269EE74}.AppStore|ARM.ActiveCfg = Release|Any CPU
		{5AA5D1F8-5AAE-48E6-B6F6-90611269EE74}.AppStore|ARM.Build.0 = Release|Any CPU
		{5AA5D1F8-5AAE-48E6-B6F6-90611269EE74}.AppStore|iPhone.ActiveCfg = Release|Any CPU
		{5AA5D1F8-5AAE-48E6-B6F6-90611269EE74}.AppStore|iPhone.Build.0 = Release|Any CPU
		{5AA5D1F8-5AAE-48E6-B6F6-90611269EE74}.AppStore|iPhoneSimulator.ActiveCfg = Release|Any CPU
		{5AA5D1F8-5AAE-48E6-B6F6-90611269EE74}.AppStore|iPhoneSimulator.Build.0 = Release|Any CPU
		{5AA5D1F8-5AAE-48E6-B6F6-90611269EE74}.AppStore|x64.ActiveCfg = Release|Any CPU
		{5AA5D1F8-5AAE-48E6-B6F6-90611269EE74}.AppStore|x64.Build.0 = Release|Any CPU
		{5AA5D1F8-5AAE-48E6-B6F6-90611269EE74}.AppStore|x86.ActiveCfg = Release|Any CPU
		{5AA5D1F8-5AAE-48E6-B6F6-90611269EE74}.AppStore|x86.Build.0 = Release|Any CPU
		{5AA5D1F8-5AAE-48E6-B6F6-90611269EE74}.Debug|Any CPU.ActiveCfg = Debug|Any CPU
		{5AA5D1F8-5AAE-48E6-B6F6-90611269EE74}.Debug|Any CPU.Build.0 = Debug|Any CPU
		{5AA5D1F8-5AAE-48E6-B6F6-90611269EE74}.Debug|ARM.ActiveCfg = Debug|Any CPU
		{5AA5D1F8-5AAE-48E6-B6F6-90611269EE74}.Debug|ARM.Build.0 = Debug|Any CPU
		{5AA5D1F8-5AAE-48E6-B6F6-90611269EE74}.Debug|iPhone.ActiveCfg = Debug|Any CPU
		{5AA5D1F8-5AAE-48E6-B6F6-90611269EE74}.Debug|iPhone.Build.0 = Debug|Any CPU
		{5AA5D1F8-5AAE-48E6-B6F6-90611269EE74}.Debug|iPhoneSimulator.ActiveCfg = Debug|Any CPU
		{5AA5D1F8-5AAE-48E6-B6F6-90611269EE74}.Debug|iPhoneSimulator.Build.0 = Debug|Any CPU
		{5AA5D1F8-5AAE-48E6-B6F6-90611269EE74}.Debug|x64.ActiveCfg = Debug|Any CPU
		{5AA5D1F8-5AAE-48E6-B6F6-90611269EE74}.Debug|x64.Build.0 = Debug|Any CPU
		{5AA5D1F8-5AAE-48E6-B6F6-90611269EE74}.Debug|x86.ActiveCfg = Debug|Any CPU
		{5AA5D1F8-5AAE-48E6-B6F6-90611269EE74}.Debug|x86.Build.0 = Debug|Any CPU
		{5AA5D1F8-5AAE-48E6-B6F6-90611269EE74}.Release|Any CPU.ActiveCfg = Release|Any CPU
		{5AA5D1F8-5AAE-48E6-B6F6-90611269EE74}.Release|Any CPU.Build.0 = Release|Any CPU
		{5AA5D1F8-5AAE-48E6-B6F6-90611269EE74}.Release|Any CPU.Deploy.0 = Release|Any CPU
		{5AA5D1F8-5AAE-48E6-B6F6-90611269EE74}.Release|ARM.ActiveCfg = Release|Any CPU
		{5AA5D1F8-5AAE-48E6-B6F6-90611269EE74}.Release|ARM.Build.0 = Release|Any CPU
		{5AA5D1F8-5AAE-48E6-B6F6-90611269EE74}.Release|iPhone.ActiveCfg = Release|Any CPU
		{5AA5D1F8-5AAE-48E6-B6F6-90611269EE74}.Release|iPhone.Build.0 = Release|Any CPU
		{5AA5D1F8-5AAE-48E6-B6F6-90611269EE74}.Release|iPhoneSimulator.ActiveCfg = Release|Any CPU
		{5AA5D1F8-5AAE-48E6-B6F6-90611269EE74}.Release|iPhoneSimulator.Build.0 = Release|Any CPU
		{5AA5D1F8-5AAE-48E6-B6F6-90611269EE74}.Release|x64.ActiveCfg = Release|Any CPU
		{5AA5D1F8-5AAE-48E6-B6F6-90611269EE74}.Release|x64.Build.0 = Release|Any CPU
		{5AA5D1F8-5AAE-48E6-B6F6-90611269EE74}.Release|x86.ActiveCfg = Release|Any CPU
		{5AA5D1F8-5AAE-48E6-B6F6-90611269EE74}.Release|x86.Build.0 = Release|Any CPU
		{B69E4483-549F-4E5F-9487-45BF81C64858}.Ad-Hoc|Any CPU.ActiveCfg = Release|x86
		{B69E4483-549F-4E5F-9487-45BF81C64858}.Ad-Hoc|Any CPU.Build.0 = Release|x86
		{B69E4483-549F-4E5F-9487-45BF81C64858}.Ad-Hoc|Any CPU.Deploy.0 = Release|x86
		{B69E4483-549F-4E5F-9487-45BF81C64858}.Ad-Hoc|ARM.ActiveCfg = Release|ARM
		{B69E4483-549F-4E5F-9487-45BF81C64858}.Ad-Hoc|ARM.Build.0 = Release|ARM
		{B69E4483-549F-4E5F-9487-45BF81C64858}.Ad-Hoc|ARM.Deploy.0 = Release|ARM
		{B69E4483-549F-4E5F-9487-45BF81C64858}.Ad-Hoc|iPhone.ActiveCfg = Release|x86
		{B69E4483-549F-4E5F-9487-45BF81C64858}.Ad-Hoc|iPhone.Build.0 = Release|x86
		{B69E4483-549F-4E5F-9487-45BF81C64858}.Ad-Hoc|iPhone.Deploy.0 = Release|x86
		{B69E4483-549F-4E5F-9487-45BF81C64858}.Ad-Hoc|iPhoneSimulator.ActiveCfg = Release|x86
		{B69E4483-549F-4E5F-9487-45BF81C64858}.Ad-Hoc|iPhoneSimulator.Build.0 = Release|x86
		{B69E4483-549F-4E5F-9487-45BF81C64858}.Ad-Hoc|iPhoneSimulator.Deploy.0 = Release|x86
		{B69E4483-549F-4E5F-9487-45BF81C64858}.Ad-Hoc|x64.ActiveCfg = Release|x64
		{B69E4483-549F-4E5F-9487-45BF81C64858}.Ad-Hoc|x64.Build.0 = Release|x64
		{B69E4483-549F-4E5F-9487-45BF81C64858}.Ad-Hoc|x64.Deploy.0 = Release|x64
		{B69E4483-549F-4E5F-9487-45BF81C64858}.Ad-Hoc|x86.ActiveCfg = Release|x86
		{B69E4483-549F-4E5F-9487-45BF81C64858}.Ad-Hoc|x86.Build.0 = Release|x86
		{B69E4483-549F-4E5F-9487-45BF81C64858}.Ad-Hoc|x86.Deploy.0 = Release|x86
		{B69E4483-549F-4E5F-9487-45BF81C64858}.AppStore|Any CPU.ActiveCfg = Release|x86
		{B69E4483-549F-4E5F-9487-45BF81C64858}.AppStore|Any CPU.Build.0 = Release|x86
		{B69E4483-549F-4E5F-9487-45BF81C64858}.AppStore|Any CPU.Deploy.0 = Release|x86
		{B69E4483-549F-4E5F-9487-45BF81C64858}.AppStore|ARM.ActiveCfg = Release|ARM
		{B69E4483-549F-4E5F-9487-45BF81C64858}.AppStore|ARM.Build.0 = Release|ARM
		{B69E4483-549F-4E5F-9487-45BF81C64858}.AppStore|ARM.Deploy.0 = Release|ARM
		{B69E4483-549F-4E5F-9487-45BF81C64858}.AppStore|iPhone.ActiveCfg = Release|x86
		{B69E4483-549F-4E5F-9487-45BF81C64858}.AppStore|iPhone.Build.0 = Release|x86
		{B69E4483-549F-4E5F-9487-45BF81C64858}.AppStore|iPhone.Deploy.0 = Release|x86
		{B69E4483-549F-4E5F-9487-45BF81C64858}.AppStore|iPhoneSimulator.ActiveCfg = Release|x86
		{B69E4483-549F-4E5F-9487-45BF81C64858}.AppStore|iPhoneSimulator.Build.0 = Release|x86
		{B69E4483-549F-4E5F-9487-45BF81C64858}.AppStore|iPhoneSimulator.Deploy.0 = Release|x86
		{B69E4483-549F-4E5F-9487-45BF81C64858}.AppStore|x64.ActiveCfg = Release|x64
		{B69E4483-549F-4E5F-9487-45BF81C64858}.AppStore|x64.Build.0 = Release|x64
		{B69E4483-549F-4E5F-9487-45BF81C64858}.AppStore|x64.Deploy.0 = Release|x64
		{B69E4483-549F-4E5F-9487-45BF81C64858}.AppStore|x86.ActiveCfg = Release|x86
		{B69E4483-549F-4E5F-9487-45BF81C64858}.AppStore|x86.Build.0 = Release|x86
		{B69E4483-549F-4E5F-9487-45BF81C64858}.AppStore|x86.Deploy.0 = Release|x86
		{B69E4483-549F-4E5F-9487-45BF81C64858}.Debug|Any CPU.ActiveCfg = Debug|x86
		{B69E4483-549F-4E5F-9487-45BF81C64858}.Debug|Any CPU.Build.0 = Debug|x86
		{B69E4483-549F-4E5F-9487-45BF81C64858}.Debug|Any CPU.Deploy.0 = Debug|x86
		{B69E4483-549F-4E5F-9487-45BF81C64858}.Debug|ARM.ActiveCfg = Debug|ARM
		{B69E4483-549F-4E5F-9487-45BF81C64858}.Debug|ARM.Build.0 = Debug|ARM
		{B69E4483-549F-4E5F-9487-45BF81C64858}.Debug|ARM.Deploy.0 = Debug|ARM
		{B69E4483-549F-4E5F-9487-45BF81C64858}.Debug|iPhone.ActiveCfg = Debug|x86
		{B69E4483-549F-4E5F-9487-45BF81C64858}.Debug|iPhoneSimulator.ActiveCfg = Debug|x86
		{B69E4483-549F-4E5F-9487-45BF81C64858}.Debug|x64.ActiveCfg = Debug|x64
		{B69E4483-549F-4E5F-9487-45BF81C64858}.Debug|x64.Build.0 = Debug|x64
		{B69E4483-549F-4E5F-9487-45BF81C64858}.Debug|x64.Deploy.0 = Debug|x64
		{B69E4483-549F-4E5F-9487-45BF81C64858}.Debug|x86.ActiveCfg = Debug|x86
		{B69E4483-549F-4E5F-9487-45BF81C64858}.Debug|x86.Build.0 = Debug|x86
		{B69E4483-549F-4E5F-9487-45BF81C64858}.Debug|x86.Deploy.0 = Debug|x86
		{B69E4483-549F-4E5F-9487-45BF81C64858}.Release|Any CPU.ActiveCfg = Release|x86
		{B69E4483-549F-4E5F-9487-45BF81C64858}.Release|Any CPU.Build.0 = Release|x86
		{B69E4483-549F-4E5F-9487-45BF81C64858}.Release|Any CPU.Deploy.0 = Release|x86
		{B69E4483-549F-4E5F-9487-45BF81C64858}.Release|ARM.ActiveCfg = Release|ARM
		{B69E4483-549F-4E5F-9487-45BF81C64858}.Release|ARM.Build.0 = Release|ARM
		{B69E4483-549F-4E5F-9487-45BF81C64858}.Release|ARM.Deploy.0 = Release|ARM
		{B69E4483-549F-4E5F-9487-45BF81C64858}.Release|iPhone.ActiveCfg = Release|x86
		{B69E4483-549F-4E5F-9487-45BF81C64858}.Release|iPhoneSimulator.ActiveCfg = Release|x86
		{B69E4483-549F-4E5F-9487-45BF81C64858}.Release|x64.ActiveCfg = Release|x64
		{B69E4483-549F-4E5F-9487-45BF81C64858}.Release|x64.Build.0 = Release|x64
		{B69E4483-549F-4E5F-9487-45BF81C64858}.Release|x64.Deploy.0 = Release|x64
		{B69E4483-549F-4E5F-9487-45BF81C64858}.Release|x86.ActiveCfg = Release|x86
		{B69E4483-549F-4E5F-9487-45BF81C64858}.Release|x86.Build.0 = Release|x86
		{B69E4483-549F-4E5F-9487-45BF81C64858}.Release|x86.Deploy.0 = Release|x86
		{3EF26E2B-71E9-4B91-8577-520341CC25C6}.Ad-Hoc|Any CPU.ActiveCfg = Ad-Hoc|iPhone
		{3EF26E2B-71E9-4B91-8577-520341CC25C6}.Ad-Hoc|ARM.ActiveCfg = Ad-Hoc|iPhone
		{3EF26E2B-71E9-4B91-8577-520341CC25C6}.Ad-Hoc|iPhone.ActiveCfg = Ad-Hoc|iPhone
		{3EF26E2B-71E9-4B91-8577-520341CC25C6}.Ad-Hoc|iPhone.Build.0 = Ad-Hoc|iPhone
		{3EF26E2B-71E9-4B91-8577-520341CC25C6}.Ad-Hoc|iPhoneSimulator.ActiveCfg = Ad-Hoc|iPhoneSimulator
		{3EF26E2B-71E9-4B91-8577-520341CC25C6}.Ad-Hoc|iPhoneSimulator.Build.0 = Ad-Hoc|iPhoneSimulator
		{3EF26E2B-71E9-4B91-8577-520341CC25C6}.Ad-Hoc|x64.ActiveCfg = Ad-Hoc|iPhone
		{3EF26E2B-71E9-4B91-8577-520341CC25C6}.Ad-Hoc|x86.ActiveCfg = Ad-Hoc|iPhone
		{3EF26E2B-71E9-4B91-8577-520341CC25C6}.AppStore|Any CPU.ActiveCfg = AppStore|iPhone
		{3EF26E2B-71E9-4B91-8577-520341CC25C6}.AppStore|ARM.ActiveCfg = AppStore|iPhone
		{3EF26E2B-71E9-4B91-8577-520341CC25C6}.AppStore|iPhone.ActiveCfg = AppStore|iPhone
		{3EF26E2B-71E9-4B91-8577-520341CC25C6}.AppStore|iPhone.Build.0 = AppStore|iPhone
		{3EF26E2B-71E9-4B91-8577-520341CC25C6}.AppStore|iPhoneSimulator.ActiveCfg = AppStore|iPhoneSimulator
		{3EF26E2B-71E9-4B91-8577-520341CC25C6}.AppStore|iPhoneSimulator.Build.0 = AppStore|iPhoneSimulator
		{3EF26E2B-71E9-4B91-8577-520341CC25C6}.AppStore|x64.ActiveCfg = AppStore|iPhone
		{3EF26E2B-71E9-4B91-8577-520341CC25C6}.AppStore|x86.ActiveCfg = AppStore|iPhone
		{3EF26E2B-71E9-4B91-8577-520341CC25C6}.Debug|Any CPU.ActiveCfg = Debug|iPhone
		{3EF26E2B-71E9-4B91-8577-520341CC25C6}.Debug|ARM.ActiveCfg = Debug|iPhone
		{3EF26E2B-71E9-4B91-8577-520341CC25C6}.Debug|iPhone.ActiveCfg = Debug|iPhone
		{3EF26E2B-71E9-4B91-8577-520341CC25C6}.Debug|iPhone.Build.0 = Debug|iPhone
		{3EF26E2B-71E9-4B91-8577-520341CC25C6}.Debug|iPhoneSimulator.ActiveCfg = Debug|iPhoneSimulator
		{3EF26E2B-71E9-4B91-8577-520341CC25C6}.Debug|iPhoneSimulator.Build.0 = Debug|iPhoneSimulator
		{3EF26E2B-71E9-4B91-8577-520341CC25C6}.Debug|x64.ActiveCfg = Debug|iPhone
		{3EF26E2B-71E9-4B91-8577-520341CC25C6}.Debug|x86.ActiveCfg = Debug|iPhone
		{3EF26E2B-71E9-4B91-8577-520341CC25C6}.Release|Any CPU.ActiveCfg = Release|iPhone
		{3EF26E2B-71E9-4B91-8577-520341CC25C6}.Release|ARM.ActiveCfg = Release|iPhone
		{3EF26E2B-71E9-4B91-8577-520341CC25C6}.Release|iPhone.ActiveCfg = Release|iPhone
		{3EF26E2B-71E9-4B91-8577-520341CC25C6}.Release|iPhone.Build.0 = Release|iPhone
		{3EF26E2B-71E9-4B91-8577-520341CC25C6}.Release|iPhoneSimulator.ActiveCfg = Release|iPhoneSimulator
		{3EF26E2B-71E9-4B91-8577-520341CC25C6}.Release|iPhoneSimulator.Build.0 = Release|iPhoneSimulator
		{3EF26E2B-71E9-4B91-8577-520341CC25C6}.Release|x64.ActiveCfg = Release|iPhone
		{3EF26E2B-71E9-4B91-8577-520341CC25C6}.Release|x86.ActiveCfg = Release|iPhone
	EndGlobalSection
	GlobalSection(SolutionProperties) = preSolution
		HideSolutionNode = FALSE
	EndGlobalSection
EndGlobal
